// !$*UTF8*$!
{
	archiveVersion = 1;
	classes = {
	};
	objectVersion = 56;
	objects = {

/* Begin PBXBuildFile section */
		407E2C052B8D5AFC0077138A /* WaterDropSimulationApp.swift in Sources */ = {isa = PBXBuildFile; fileRef = 407E2C042B8D5AFC0077138A /* WaterDropSimulationApp.swift */; };
		407E2C072B8D5AFC0077138A /* ContentView.swift in Sources */ = {isa = PBXBuildFile; fileRef = 407E2C062B8D5AFC0077138A /* ContentView.swift */; };
		407E2C092B8D5AFF0077138A /* Assets.xcassets in Resources */ = {isa = PBXBuildFile; fileRef = 407E2C082B8D5AFF0077138A /* Assets.xcassets */; };
		407E2C0C2B8D5AFF0077138A /* Preview Assets.xcassets in Resources */ = {isa = PBXBuildFile; fileRef = 407E2C0B2B8D5AFF0077138A /* Preview Assets.xcassets */; };
		407E2C172B8D5AFF0077138A /* WaterDropSimulationTests.swift in Sources */ = {isa = PBXBuildFile; fileRef = 407E2C162B8D5AFF0077138A /* WaterDropSimulationTests.swift */; };
		407E2C212B8D5AFF0077138A /* WaterDropSimulationUITests.swift in Sources */ = {isa = PBXBuildFile; fileRef = 407E2C202B8D5AFF0077138A /* WaterDropSimulationUITests.swift */; };
		407E2C232B8D5AFF0077138A /* WaterDropSimulationUITestsLaunchTests.swift in Sources */ = {isa = PBXBuildFile; fileRef = 407E2C222B8D5AFF0077138A /* WaterDropSimulationUITestsLaunchTests.swift */; };
/* End PBXBuildFile section */

/* Begin PBXContainerItemProxy section */
		407E2C132B8D5AFF0077138A /* PBXContainerItemProxy */ = {
			isa = PBXContainerItemProxy;
			containerPortal = 407E2BF92B8D5AFC0077138A /* Project object */;
			proxyType = 1;
			remoteGlobalIDString = 407E2C002B8D5AFC0077138A;
			remoteInfo = WaterDropSimulation;
		};
		407E2C1D2B8D5AFF0077138A /* PBXContainerItemProxy */ = {
			isa = PBXContainerItemProxy;
			containerPortal = 407E2BF92B8D5AFC0077138A /* Project object */;
			proxyType = 1;
			remoteGlobalIDString = 407E2C002B8D5AFC0077138A;
			remoteInfo = WaterDropSimulation;
		};
/* End PBXContainerItemProxy section */

/* Begin PBXFileReference section */
		407E2C012B8D5AFC0077138A /* WaterDropSimulation.app */ = {isa = PBXFileReference; explicitFileType = wrapper.application; includeInIndex = 0; path = WaterDropSimulation.app; sourceTree = BUILT_PRODUCTS_DIR; };
		407E2C042B8D5AFC0077138A /* WaterDropSimulationApp.swift */ = {isa = PBXFileReference; lastKnownFileType = sourcecode.swift; path = WaterDropSimulationApp.swift; sourceTree = "<group>"; };
		407E2C062B8D5AFC0077138A /* ContentView.swift */ = {isa = PBXFileReference; lastKnownFileType = sourcecode.swift; path = ContentView.swift; sourceTree = "<group>"; };
		407E2C082B8D5AFF0077138A /* Assets.xcassets */ = {isa = PBXFileReference; lastKnownFileType = folder.assetcatalog; path = Assets.xcassets; sourceTree = "<group>"; };
		407E2C0B2B8D5AFF0077138A /* Preview Assets.xcassets */ = {isa = PBXFileReference; lastKnownFileType = folder.assetcatalog; path = "Preview Assets.xcassets"; sourceTree = "<group>"; };
		407E2C0D2B8D5AFF0077138A /* WaterDropSimulation.entitlements */ = {isa = PBXFileReference; lastKnownFileType = text.plist.entitlements; path = WaterDropSimulation.entitlements; sourceTree = "<group>"; };
		407E2C122B8D5AFF0077138A /* WaterDropSimulationTests.xctest */ = {isa = PBXFileReference; explicitFileType = wrapper.cfbundle; includeInIndex = 0; path = WaterDropSimulationTests.xctest; sourceTree = BUILT_PRODUCTS_DIR; };
		407E2C162B8D5AFF0077138A /* WaterDropSimulationTests.swift */ = {isa = PBXFileReference; lastKnownFileType = sourcecode.swift; path = WaterDropSimulationTests.swift; sourceTree = "<group>"; };
		407E2C1C2B8D5AFF0077138A /* WaterDropSimulationUITests.xctest */ = {isa = PBXFileReference; explicitFileType = wrapper.cfbundle; includeInIndex = 0; path = WaterDropSimulationUITests.xctest; sourceTree = BUILT_PRODUCTS_DIR; };
		407E2C202B8D5AFF0077138A /* WaterDropSimulationUITests.swift */ = {isa = PBXFileReference; lastKnownFileType = sourcecode.swift; path = WaterDropSimulationUITests.swift; sourceTree = "<group>"; };
		407E2C222B8D5AFF0077138A /* WaterDropSimulationUITestsLaunchTests.swift */ = {isa = PBXFileReference; lastKnownFileType = sourcecode.swift; path = WaterDropSimulationUITestsLaunchTests.swift; sourceTree = "<group>"; };
/* End PBXFileReference section */

/* Begin PBXFrameworksBuildPhase section */
		407E2BFE2B8D5AFC0077138A /* Frameworks */ = {
			isa = PBXFrameworksBuildPhase;
			buildActionMask = 2147483647;
			files = (
			);
			runOnlyForDeploymentPostprocessing = 0;
		};
		407E2C0F2B8D5AFF0077138A /* Frameworks */ = {
			isa = PBXFrameworksBuildPhase;
			buildActionMask = 2147483647;
			files = (
			);
			runOnlyForDeploymentPostprocessing = 0;
		};
		407E2C192B8D5AFF0077138A /* Frameworks */ = {
			isa = PBXFrameworksBuildPhase;
			buildActionMask = 2147483647;
			files = (
			);
			runOnlyForDeploymentPostprocessing = 0;
		};
/* End PBXFrameworksBuildPhase section */

/* Begin PBXGroup section */
		407E2BF82B8D5AFC0077138A = {
			isa = PBXGroup;
			children = (
				407E2C032B8D5AFC0077138A /* WaterDropSimulation */,
				407E2C152B8D5AFF0077138A /* WaterDropSimulationTests */,
				407E2C1F2B8D5AFF0077138A /* WaterDropSimulationUITests */,
				407E2C022B8D5AFC0077138A /* Products */,
			);
			sourceTree = "<group>";
		};
		407E2C022B8D5AFC0077138A /* Products */ = {
			isa = PBXGroup;
			children = (
				407E2C012B8D5AFC0077138A /* WaterDropSimulation.app */,
				407E2C122B8D5AFF0077138A /* WaterDropSimulationTests.xctest */,
				407E2C1C2B8D5AFF0077138A /* WaterDropSimulationUITests.xctest */,
			);
			name = Products;
			sourceTree = "<group>";
		};
		407E2C032B8D5AFC0077138A /* WaterDropSimulation */ = {
			isa = PBXGroup;
			children = (
				407E2C042B8D5AFC0077138A /* WaterDropSimulationApp.swift */,
				407E2C062B8D5AFC0077138A /* ContentView.swift */,
				407E2C082B8D5AFF0077138A /* Assets.xcassets */,
				407E2C0D2B8D5AFF0077138A /* WaterDropSimulation.entitlements */,
				407E2C0A2B8D5AFF0077138A /* Preview Content */,
			);
			path = WaterDropSimulation;
			sourceTree = "<group>";
		};
		407E2C0A2B8D5AFF0077138A /* Preview Content */ = {
			isa = PBXGroup;
			children = (
				407E2C0B2B8D5AFF0077138A /* Preview Assets.xcassets */,
			);
			path = "Preview Content";
			sourceTree = "<group>";
		};
		407E2C152B8D5AFF0077138A /* WaterDropSimulationTests */ = {
			isa = PBXGroup;
			children = (
				407E2C162B8D5AFF0077138A /* WaterDropSimulationTests.swift */,
			);
			path = WaterDropSimulationTests;
			sourceTree = "<group>";
		};
		407E2C1F2B8D5AFF0077138A /* WaterDropSimulationUITests */ = {
			isa = PBXGroup;
			children = (
				407E2C202B8D5AFF0077138A /* WaterDropSimulationUITests.swift */,
				407E2C222B8D5AFF0077138A /* WaterDropSimulationUITestsLaunchTests.swift */,
			);
			path = WaterDropSimulationUITests;
			sourceTree = "<group>";
		};
/* End PBXGroup section */

/* Begin PBXNativeTarget section */
		407E2C002B8D5AFC0077138A /* WaterDropSimulation */ = {
			isa = PBXNativeTarget;
			buildConfigurationList = 407E2C262B8D5AFF0077138A /* Build configuration list for PBXNativeTarget "WaterDropSimulation" */;
			buildPhases = (
				407E2BFD2B8D5AFC0077138A /* Sources */,
				407E2BFE2B8D5AFC0077138A /* Frameworks */,
				407E2BFF2B8D5AFC0077138A /* Resources */,
			);
			buildRules = (
			);
			dependencies = (
			);
			name = WaterDropSimulation;
			productName = WaterDropSimulation;
			productReference = 407E2C012B8D5AFC0077138A /* WaterDropSimulation.app */;
			productType = "com.apple.product-type.application";
		};
		407E2C112B8D5AFF0077138A /* WaterDropSimulationTests */ = {
			isa = PBXNativeTarget;
			buildConfigurationList = 407E2C292B8D5AFF0077138A /* Build configuration list for PBXNativeTarget "WaterDropSimulationTests" */;
			buildPhases = (
				407E2C0E2B8D5AFF0077138A /* Sources */,
				407E2C0F2B8D5AFF0077138A /* Frameworks */,
				407E2C102B8D5AFF0077138A /* Resources */,
			);
			buildRules = (
			);
			dependencies = (
				407E2C142B8D5AFF0077138A /* PBXTargetDependency */,
			);
			name = WaterDropSimulationTests;
			productName = WaterDropSimulationTests;
			productReference = 407E2C122B8D5AFF0077138A /* WaterDropSimulationTests.xctest */;
			productType = "com.apple.product-type.bundle.unit-test";
		};
		407E2C1B2B8D5AFF0077138A /* WaterDropSimulationUITests */ = {
			isa = PBXNativeTarget;
			buildConfigurationList = 407E2C2C2B8D5AFF0077138A /* Build configuration list for PBXNativeTarget "WaterDropSimulationUITests" */;
			buildPhases = (
				407E2C182B8D5AFF0077138A /* Sources */,
				407E2C192B8D5AFF0077138A /* Frameworks */,
				407E2C1A2B8D5AFF0077138A /* Resources */,
			);
			buildRules = (
			);
			dependencies = (
				407E2C1E2B8D5AFF0077138A /* PBXTargetDependency */,
			);
			name = WaterDropSimulationUITests;
			productName = WaterDropSimulationUITests;
			productReference = 407E2C1C2B8D5AFF0077138A /* WaterDropSimulationUITests.xctest */;
			productType = "com.apple.product-type.bundle.ui-testing";
		};
/* End PBXNativeTarget section */

/* Begin PBXProject section */
		407E2BF92B8D5AFC0077138A /* Project object */ = {
			isa = PBXProject;
			attributes = {
				BuildIndependentTargetsInParallel = 1;
				LastSwiftUpdateCheck = 1520;
				LastUpgradeCheck = 1520;
				TargetAttributes = {
					407E2C002B8D5AFC0077138A = {
						CreatedOnToolsVersion = 15.2;
					};
					407E2C112B8D5AFF0077138A = {
						CreatedOnToolsVersion = 15.2;
						TestTargetID = 407E2C002B8D5AFC0077138A;
					};
					407E2C1B2B8D5AFF0077138A = {
						CreatedOnToolsVersion = 15.2;
						TestTargetID = 407E2C002B8D5AFC0077138A;
					};
				};
			};
			buildConfigurationList = 407E2BFC2B8D5AFC0077138A /* Build configuration list for PBXProject "WaterDropSimulation" */;
			compatibilityVersion = "Xcode 14.0";
			developmentRegion = en;
			hasScannedForEncodings = 0;
			knownRegions = (
				en,
				Base,
			);
			mainGroup = 407E2BF82B8D5AFC0077138A;
			productRefGroup = 407E2C022B8D5AFC0077138A /* Products */;
			projectDirPath = "";
			projectRoot = "";
			targets = (
				407E2C002B8D5AFC0077138A /* WaterDropSimulation */,
				407E2C112B8D5AFF0077138A /* WaterDropSimulationTests */,
				407E2C1B2B8D5AFF0077138A /* WaterDropSimulationUITests */,
			);
		};
/* End PBXProject section */

/* Begin PBXResourcesBuildPhase section */
		407E2BFF2B8D5AFC0077138A /* Resources */ = {
			isa = PBXResourcesBuildPhase;
			buildActionMask = 2147483647;
			files = (
				407E2C0C2B8D5AFF0077138A /* Preview Assets.xcassets in Resources */,
				407E2C092B8D5AFF0077138A /* Assets.xcassets in Resources */,
			);
			runOnlyForDeploymentPostprocessing = 0;
		};
		407E2C102B8D5AFF0077138A /* Resources */ = {
			isa = PBXResourcesBuildPhase;
			buildActionMask = 2147483647;
			files = (
			);
			runOnlyForDeploymentPostprocessing = 0;
		};
		407E2C1A2B8D5AFF0077138A /* Resources */ = {
			isa = PBXResourcesBuildPhase;
			buildActionMask = 2147483647;
			files = (
			);
			runOnlyForDeploymentPostprocessing = 0;
		};
/* End PBXResourcesBuildPhase section */

/* Begin PBXSourcesBuildPhase section */
		407E2BFD2B8D5AFC0077138A /* Sources */ = {
			isa = PBXSourcesBuildPhase;
			buildActionMask = 2147483647;
			files = (
				407E2C072B8D5AFC0077138A /* ContentView.swift in Sources */,
				407E2C052B8D5AFC0077138A /* WaterDropSimulationApp.swift in Sources */,
			);
			runOnlyForDeploymentPostprocessing = 0;
		};
		407E2C0E2B8D5AFF0077138A /* Sources */ = {
			isa = PBXSourcesBuildPhase;
			buildActionMask = 2147483647;
			files = (
				407E2C172B8D5AFF0077138A /* WaterDropSimulationTests.swift in Sources */,
			);
			runOnlyForDeploymentPostprocessing = 0;
		};
		407E2C182B8D5AFF0077138A /* Sources */ = {
			isa = PBXSourcesBuildPhase;
			buildActionMask = 2147483647;
			files = (
				407E2C232B8D5AFF0077138A /* WaterDropSimulationUITestsLaunchTests.swift in Sources */,
				407E2C212B8D5AFF0077138A /* WaterDropSimulationUITests.swift in Sources */,
			);
			runOnlyForDeploymentPostprocessing = 0;
		};
/* End PBXSourcesBuildPhase section */

/* Begin PBXTargetDependency section */
		407E2C142B8D5AFF0077138A /* PBXTargetDependency */ = {
			isa = PBXTargetDependency;
			target = 407E2C002B8D5AFC0077138A /* WaterDropSimulation */;
			targetProxy = 407E2C132B8D5AFF0077138A /* PBXContainerItemProxy */;
		};
		407E2C1E2B8D5AFF0077138A /* PBXTargetDependency */ = {
			isa = PBXTargetDependency;
			target = 407E2C002B8D5AFC0077138A /* WaterDropSimulation */;
			targetProxy = 407E2C1D2B8D5AFF0077138A /* PBXContainerItemProxy */;
		};
/* End PBXTargetDependency section */

/* Begin XCBuildConfiguration section */
		407E2C242B8D5AFF0077138A /* Debug */ = {
			isa = XCBuildConfiguration;
			buildSettings = {
				ALWAYS_SEARCH_USER_PATHS = NO;
				ASSETCATALOG_COMPILER_GENERATE_SWIFT_ASSET_SYMBOL_EXTENSIONS = YES;
				CLANG_ANALYZER_NONNULL = YES;
				CLANG_ANALYZER_NUMBER_OBJECT_CONVERSION = YES_AGGRESSIVE;
				CLANG_CXX_LANGUAGE_STANDARD = "gnu++20";
				CLANG_ENABLE_MODULES = YES;
				CLANG_ENABLE_OBJC_ARC = YES;
				CLANG_ENABLE_OBJC_WEAK = YES;
				CLANG_WARN_BLOCK_CAPTURE_AUTORELEASING = YES;
				CLANG_WARN_BOOL_CONVERSION = YES;
				CLANG_WARN_COMMA = YES;
				CLANG_WARN_CONSTANT_CONVERSION = YES;
				CLANG_WARN_DEPRECATED_OBJC_IMPLEMENTATIONS = YES;
				CLANG_WARN_DIRECT_OBJC_ISA_USAGE = YES_ERROR;
				CLANG_WARN_DOCUMENTATION_COMMENTS = YES;
				CLANG_WARN_EMPTY_BODY = YES;
				CLANG_WARN_ENUM_CONVERSION = YES;
				CLANG_WARN_INFINITE_RECURSION = YES;
				CLANG_WARN_INT_CONVERSION = YES;
				CLANG_WARN_NON_LITERAL_NULL_CONVERSION = YES;
				CLANG_WARN_OBJC_IMPLICIT_RETAIN_SELF = YES;
				CLANG_WARN_OBJC_LITERAL_CONVERSION = YES;
				CLANG_WARN_OBJC_ROOT_CLASS = YES_ERROR;
				CLANG_WARN_QUOTED_INCLUDE_IN_FRAMEWORK_HEADER = YES;
				CLANG_WARN_RANGE_LOOP_ANALYSIS = YES;
				CLANG_WARN_STRICT_PROTOTYPES = YES;
				CLANG_WARN_SUSPICIOUS_MOVE = YES;
				CLANG_WARN_UNGUARDED_AVAILABILITY = YES_AGGRESSIVE;
				CLANG_WARN_UNREACHABLE_CODE = YES;
				CLANG_WARN__DUPLICATE_METHOD_MATCH = YES;
				COPY_PHASE_STRIP = NO;
				DEBUG_INFORMATION_FORMAT = dwarf;
				ENABLE_STRICT_OBJC_MSGSEND = YES;
				ENABLE_TESTABILITY = YES;
				ENABLE_USER_SCRIPT_SANDBOXING = YES;
				GCC_C_LANGUAGE_STANDARD = gnu17;
				GCC_DYNAMIC_NO_PIC = NO;
				GCC_NO_COMMON_BLOCKS = YES;
				GCC_OPTIMIZATION_LEVEL = 0;
				GCC_PREPROCESSOR_DEFINITIONS = (
					"DEBUG=1",
					"$(inherited)",
				);
				GCC_WARN_64_TO_32_BIT_CONVERSION = YES;
				GCC_WARN_ABOUT_RETURN_TYPE = YES_ERROR;
				GCC_WARN_UNDECLARED_SELECTOR = YES;
				GCC_WARN_UNINITIALIZED_AUTOS = YES_AGGRESSIVE;
				GCC_WARN_UNUSED_FUNCTION = YES;
				GCC_WARN_UNUSED_VARIABLE = YES;
				LOCALIZATION_PREFERS_STRING_CATALOGS = YES;
				MACOSX_DEPLOYMENT_TARGET = 14.1;
				MTL_ENABLE_DEBUG_INFO = INCLUDE_SOURCE;
				MTL_FAST_MATH = YES;
				ONLY_ACTIVE_ARCH = YES;
				SDKROOT = macosx;
				SWIFT_ACTIVE_COMPILATION_CONDITIONS = "DEBUG $(inherited)";
				SWIFT_OPTIMIZATION_LEVEL = "-Onone";
			};
			name = Debug;
		};
		407E2C252B8D5AFF0077138A /* Release */ = {
			isa = XCBuildConfiguration;
			buildSettings = {
				ALWAYS_SEARCH_USER_PATHS = NO;
				ASSETCATALOG_COMPILER_GENERATE_SWIFT_ASSET_SYMBOL_EXTENSIONS = YES;
				CLANG_ANALYZER_NONNULL = YES;
				CLANG_ANALYZER_NUMBER_OBJECT_CONVERSION = YES_AGGRESSIVE;
				CLANG_CXX_LANGUAGE_STANDARD = "gnu++20";
				CLANG_ENABLE_MODULES = YES;
				CLANG_ENABLE_OBJC_ARC = YES;
				CLANG_ENABLE_OBJC_WEAK = YES;
				CLANG_WARN_BLOCK_CAPTURE_AUTORELEASING = YES;
				CLANG_WARN_BOOL_CONVERSION = YES;
				CLANG_WARN_COMMA = YES;
				CLANG_WARN_CONSTANT_CONVERSION = YES;
				CLANG_WARN_DEPRECATED_OBJC_IMPLEMENTATIONS = YES;
				CLANG_WARN_DIRECT_OBJC_ISA_USAGE = YES_ERROR;
				CLANG_WARN_DOCUMENTATION_COMMENTS = YES;
				CLANG_WARN_EMPTY_BODY = YES;
				CLANG_WARN_ENUM_CONVERSION = YES;
				CLANG_WARN_INFINITE_RECURSION = YES;
				CLANG_WARN_INT_CONVERSION = YES;
				CLANG_WARN_NON_LITERAL_NULL_CONVERSION = YES;
				CLANG_WARN_OBJC_IMPLICIT_RETAIN_SELF = YES;
				CLANG_WARN_OBJC_LITERAL_CONVERSION = YES;
				CLANG_WARN_OBJC_ROOT_CLASS = YES_ERROR;
				CLANG_WARN_QUOTED_INCLUDE_IN_FRAMEWORK_HEADER = YES;
				CLANG_WARN_RANGE_LOOP_ANALYSIS = YES;
				CLANG_WARN_STRICT_PROTOTYPES = YES;
				CLANG_WARN_SUSPICIOUS_MOVE = YES;
				CLANG_WARN_UNGUARDED_AVAILABILITY = YES_AGGRESSIVE;
				CLANG_WARN_UNREACHABLE_CODE = YES;
				CLANG_WARN__DUPLICATE_METHOD_MATCH = YES;
				COPY_PHASE_STRIP = NO;
				DEBUG_INFORMATION_FORMAT = "dwarf-with-dsym";
				ENABLE_NS_ASSERTIONS = NO;
				ENABLE_STRICT_OBJC_MSGSEND = YES;
				ENABLE_USER_SCRIPT_SANDBOXING = YES;
				GCC_C_LANGUAGE_STANDARD = gnu17;
				GCC_NO_COMMON_BLOCKS = YES;
				GCC_WARN_64_TO_32_BIT_CONVERSION = YES;
				GCC_WARN_ABOUT_RETURN_TYPE = YES_ERROR;
				GCC_WARN_UNDECLARED_SELECTOR = YES;
				GCC_WARN_UNINITIALIZED_AUTOS = YES_AGGRESSIVE;
				GCC_WARN_UNUSED_FUNCTION = YES;
				GCC_WARN_UNUSED_VARIABLE = YES;
				LOCALIZATION_PREFERS_STRING_CATALOGS = YES;
				MACOSX_DEPLOYMENT_TARGET = 14.1;
				MTL_ENABLE_DEBUG_INFO = NO;
				MTL_FAST_MATH = YES;
				SDKROOT = macosx;
				SWIFT_COMPILATION_MODE = wholemodule;
			};
			name = Release;
		};
		407E2C272B8D5AFF0077138A /* Debug */ = {
			isa = XCBuildConfiguration;
			buildSettings = {
				ASSETCATALOG_COMPILER_APPICON_NAME = AppIcon;
				ASSETCATALOG_COMPILER_GLOBAL_ACCENT_COLOR_NAME = AccentColor;
				CODE_SIGN_ENTITLEMENTS = WaterDropSimulation/WaterDropSimulation.entitlements;
				CODE_SIGN_STYLE = Automatic;
				COMBINE_HIDPI_IMAGES = YES;
				CURRENT_PROJECT_VERSION = 1;
				DEVELOPMENT_ASSET_PATHS = "\"WaterDropSimulation/Preview Content\"";
				DEVELOPMENT_TEAM = W3NLA25HR5;
				ENABLE_HARDENED_RUNTIME = YES;
				ENABLE_PREVIEWS = YES;
				GENERATE_INFOPLIST_FILE = YES;
				INFOPLIST_KEY_NSHumanReadableCopyright = "";
				LD_RUNPATH_SEARCH_PATHS = (
					"$(inherited)",
					"@executable_path/../Frameworks",
				);
				MARKETING_VERSION = 1.0;
				PRODUCT_BUNDLE_IDENTIFIER = com.sshahrin.WaterDropSimulation;
				PRODUCT_NAME = "$(TARGET_NAME)";
				SWIFT_EMIT_LOC_STRINGS = YES;
				SWIFT_VERSION = 5.0;
			};
			name = Debug;
		};
		407E2C282B8D5AFF0077138A /* Release */ = {
			isa = XCBuildConfiguration;
			buildSettings = {
				ASSETCATALOG_COMPILER_APPICON_NAME = AppIcon;
				ASSETCATALOG_COMPILER_GLOBAL_ACCENT_COLOR_NAME = AccentColor;
				CODE_SIGN_ENTITLEMENTS = WaterDropSimulation/WaterDropSimulation.entitlements;
				CODE_SIGN_STYLE = Automatic;
				COMBINE_HIDPI_IMAGES = YES;
				CURRENT_PROJECT_VERSION = 1;
				DEVELOPMENT_ASSET_PATHS = "\"WaterDropSimulation/Preview Content\"";
				DEVELOPMENT_TEAM = W3NLA25HR5;
				ENABLE_HARDENED_RUNTIME = YES;
				ENABLE_PREVIEWS = YES;
				GENERATE_INFOPLIST_FILE = YES;
				INFOPLIST_KEY_NSHumanReadableCopyright = "";
				LD_RUNPATH_SEARCH_PATHS = (
					"$(inherited)",
					"@executable_path/../Frameworks",
				);
				MARKETING_VERSION = 1.0;
				PRODUCT_BUNDLE_IDENTIFIER = com.sshahrin.WaterDropSimulation;
				PRODUCT_NAME = "$(TARGET_NAME)";
				SWIFT_EMIT_LOC_STRINGS = YES;
				SWIFT_VERSION = 5.0;
			};
			name = Release;
		};
		407E2C2A2B8D5AFF0077138A /* Debug */ = {
			isa = XCBuildConfiguration;
			buildSettings = {
				ALWAYS_EMBED_SWIFT_STANDARD_LIBRARIES = YES;
				BUNDLE_LOADER = "$(TEST_HOST)";
				CODE_SIGN_STYLE = Automatic;
				CURRENT_PROJECT_VERSION = 1;
				DEVELOPMENT_TEAM = W3NLA25HR5;
				GENERATE_INFOPLIST_FILE = YES;
				MACOSX_DEPLOYMENT_TARGET = 14.1;
				MARKETING_VERSION = 1.0;
				PRODUCT_BUNDLE_IDENTIFIER = com.sshahrin.WaterDropSimulationTests;
				PRODUCT_NAME = "$(TARGET_NAME)";
				SWIFT_EMIT_LOC_STRINGS = NO;
				SWIFT_VERSION = 5.0;
				TEST_HOST = "$(BUILT_PRODUCTS_DIR)/WaterDropSimulation.app/$(BUNDLE_EXECUTABLE_FOLDER_PATH)/WaterDropSimulation";
			};
			name = Debug;
		};
		407E2C2B2B8D5AFF0077138A /* Release */ = {
			isa = XCBuildConfiguration;
			buildSettings = {
				ALWAYS_EMBED_SWIFT_STANDARD_LIBRARIES = YES;
				BUNDLE_LOADER = "$(TEST_HOST)";
				CODE_SIGN_STYLE = Automatic;
				CURRENT_PROJECT_VERSION = 1;
				DEVELOPMENT_TEAM = W3NLA25HR5;
				GENERATE_INFOPLIST_FILE = YES;
				MACOSX_DEPLOYMENT_TARGET = 14.1;
				MARKETING_VERSION = 1.0;
				PRODUCT_BUNDLE_IDENTIFIER = com.sshahrin.WaterDropSimulationTests;
				PRODUCT_NAME = "$(TARGET_NAME)";
				SWIFT_EMIT_LOC_STRINGS = NO;
				SWIFT_VERSION = 5.0;
				TEST_HOST = "$(BUILT_PRODUCTS_DIR)/WaterDropSimulation.app/$(BUNDLE_EXECUTABLE_FOLDER_PATH)/WaterDropSimulation";
			};
			name = Release;
		};
		407E2C2D2B8D5AFF0077138A /* Debug */ = {
			isa = XCBuildConfiguration;
			buildSettings = {
				ALWAYS_EMBED_SWIFT_STANDARD_LIBRARIES = YES;
				CODE_SIGN_STYLE = Automatic;
				CURRENT_PROJECT_VERSION = 1;
				DEVELOPMENT_TEAM = W3NLA25HR5;
				GENERATE_INFOPLIST_FILE = YES;
				MARKETING_VERSION = 1.0;
				PRODUCT_BUNDLE_IDENTIFIER = com.sshahrin.WaterDropSimulationUITests;
				PRODUCT_NAME = "$(TARGET_NAME)";
				SWIFT_EMIT_LOC_STRINGS = NO;
				SWIFT_VERSION = 5.0;
				TEST_TARGET_NAME = WaterDropSimulation;
			};
			name = Debug;
		};
		407E2C2E2B8D5AFF0077138A /* Release */ = {
			isa = XCBuildConfiguration;
			buildSettings = {
				ALWAYS_EMBED_SWIFT_STANDARD_LIBRARIES = YES;
				CODE_SIGN_STYLE = Automatic;
				CURRENT_PROJECT_VERSION = 1;
				DEVELOPMENT_TEAM = W3NLA25HR5;
				GENERATE_INFOPLIST_FILE = YES;
				MARKETING_VERSION = 1.0;
				PRODUCT_BUNDLE_IDENTIFIER = com.sshahrin.WaterDropSimulationUITests;
				PRODUCT_NAME = "$(TARGET_NAME)";
				SWIFT_EMIT_LOC_STRINGS = NO;
				SWIFT_VERSION = 5.0;
				TEST_TARGET_NAME = WaterDropSimulation;
			};
			name = Release;
		};
/* End XCBuildConfiguration section */

/* Begin XCConfigurationList section */
		407E2BFC2B8D5AFC0077138A /* Build configuration list for PBXProject "WaterDropSimulation" */ = {
			isa = XCConfigurationList;
			buildConfigurations = (
				407E2C242B8D5AFF0077138A /* Debug */,
				407E2C252B8D5AFF0077138A /* Release */,
			);
			defaultConfigurationIsVisible = 0;
			defaultConfigurationName = Release;
		};
		407E2C262B8D5AFF0077138A /* Build configuration list for PBXNativeTarget "WaterDropSimulation" */ = {
			isa = XCConfigurationList;
			buildConfigurations = (
				407E2C272B8D5AFF0077138A /* Debug */,
				407E2C282B8D5AFF0077138A /* Release */,
			);
			defaultConfigurationIsVisible = 0;
			defaultConfigurationName = Release;
		};
		407E2C292B8D5AFF0077138A /* Build configuration list for PBXNativeTarget "WaterDropSimulationTests" */ = {
			isa = XCConfigurationList;
			buildConfigurations = (
				407E2C2A2B8D5AFF0077138A /* Debug */,
				407E2C2B2B8D5AFF0077138A /* Release */,
			);
			defaultConfigurationIsVisible = 0;
			defaultConfigurationName = Release;
		};
		407E2C2C2B8D5AFF0077138A /* Build configuration list for PBXNativeTarget "WaterDropSimulationUITests" */ = {
			isa = XCConfigurationList;
			buildConfigurations = (
				407E2C2D2B8D5AFF0077138A /* Debug */,
				407E2C2E2B8D5AFF0077138A /* Release */,
			);
			defaultConfigurationIsVisible = 0;
			defaultConfigurationName = Release;
		};
/* End XCConfigurationList section */
	};
	rootObject = 407E2BF92B8D5AFC0077138A /* Project object */;
}
